<?xml version="1.0" encoding="UTF-8" standalone="yes" ?>
<CodeBlocks_project_file>
	<FileVersion major="1" minor="6" />
	<Project>
		<Option title="Ericennes" />
		<Option pch_mode="2" />
		<Option compiler="gcc" />
		<Build>
			<Target title="Debug">
				<Option output="bin/Debug/Ericennes" prefix_auto="1" extension_auto="1" />
				<Option object_output="obj/Debug/" />
				<Option type="1" />
				<Option compiler="gcc" />
				<Compiler>
					<Add option="-g" />
				</Compiler>
			</Target>
			<Target title="Release">
				<Option output="bin/Release/Ericennes" prefix_auto="1" extension_auto="1" />
				<Option object_output="obj/Release/" />
				<Option type="1" />
				<Option compiler="gcc" />
				<Compiler>
					<Add option="-O2" />
				</Compiler>
				<Linker>
					<Add option="-s" />
				</Linker>
			</Target>
		</Build>
		<Compiler>
			<Add option="-Wall" />
			<Add option="-std=gnu++17" />
			<Add option="`pkg-config --cflags allegro-5 allegro_image-5 allegro_color-5 allegro_font-5 allegro_ttf-5 allegro_audio-5 allegro_acodec-5 allegro_dialog-5 allegro_primitives-5 allegro_physfs-5 physfs`" />
			<Add directory="/home/yubi/Development/Projects/Ericennes-Repository/" />
		</Compiler>
		<Linker>
			<Add option="`pkg-config --libs allegro-5 allegro_image-5 allegro_color-5 allegro_font-5 allegro_ttf-5 allegro_audio-5 allegro_acodec-5 allegro_dialog-5 allegro_primitives-5 allegro_physfs-5 physfs`" />
		</Linker>
		<Unit filename="config/areas.cfg" />
		<Unit filename="config/configuration.cpp" />
		<Unit filename="config/configuration.h" />
		<Unit filename="config/settings.cfg" />
		<Unit filename="dialog.h" />
		<Unit filename="display.cpp" />
		<Unit filename="display.h" />
		<Unit filename="event.cpp" />
		<Unit filename="event.h" />
		<Unit filename="filesystem.h" />
		<Unit filename="game.cpp" />
		<Unit filename="game.h" />
		<Unit filename="main.cpp" />
		<Unit filename="tile.h" />
		<Unit filename="timer.cpp" />
		<Unit filename="timer.h" />
		<Unit filename="util.h" />
		<Unit filename="keyboard.cpp" />
		<Unit filename="keyboard.h" />
		<Unit filename="mouse.cpp" />
		<Unit filename="mouse.h" />
		<Unit filename="audio.cpp" />
		<Unit filename="audio.h" />
		<Unit filename="image.cpp" />
		<Unit filename="image.h" />
		<Unit filename="palette.cpp" />
		<Unit filename="palette.h" />
		<Unit filename="text.cpp" />
		<Unit filename="text.h" />
		<Unit filename="archive.cpp" />
		<Unit filename="archive.h" />
		<Unit filename="menu.h" />
		<Unit filename="scene.cpp" />
		<Unit filename="scene.h" />
		<Unit filename="settings.cpp" />
		<Unit filename="settings.h" />
		<Unit filename="title.cpp" />
		<Unit filename="title.h" />
		<Unit filename="worldview.cpp" />
		<Unit filename="worldview.h" />
		<Unit filename="actor.cpp" />
		<Unit filename="actor.h" />
		<Unit filename="actorindex.h" />
		<Unit filename="area.cpp" />
		<Unit filename="area.h" />
		<Unit filename="camera.cpp" />
		<Unit filename="camera.h" />
		<Unit filename="cellindex.h" />
		<Unit filename="pc.cpp" />
		<Unit filename="pc.h" />
		<Extensions />
	</Project>
</CodeBlocks_project_file>
